
Microsoft Visual Studio Solution File, Format Version 12.00
# Visual Studio Version 17
VisualStudioVersion = 17.4.33213.308
MinimumVisualStudioVersion = 10.0.40219.1
Project("{888888A0-9F3D-457C-B088-3A5042F75D52}") = "Tasarim_Calismasi_iki", "Tasarim_Calismasi_iki\Tasarim_Calismasi_iki.pyproj", "{E00B7CF7-B174-4FCC-AD87-376DDF448F07}"
EndProject
Global
	GlobalSection(SolutionConfigurationPlatforms) = preSolution
		Debug|Any CPU = Debug|Any CPU
		Release|Any CPU = Release|Any CPU
	EndGlobalSection
	GlobalSection(ProjectConfigurationPlatforms) = postSolution
		{E00B7CF7-B174-4FCC-AD87-376DDF448F07}.Debug|Any CPU.ActiveCfg = Debug|Any CPU
		{E00B7CF7-B174-4FCC-AD87-376DDF448F07}.Release|Any CPU.ActiveCfg = Release|Any CPU
	EndGlobalSection
	GlobalSection(SolutionProperties) = preSolution
		HideSolutionNode = FALSE
	EndGlobalSection
	GlobalSection(ExtensibilityGlobals) = postSolution
		SolutionGuid = {8FE08379-4275-43A4-8C1F-5C5E993F0719}
	EndGlobalSection
EndGlobal
